
Microsoft Visual Studio Solution File, Format Version 12.00
# Visual Studio Version 17
VisualStudioVersion = 17.14.36705.20 d17.14
MinimumVisualStudioVersion = 10.0.40219.1
Project("{FAE04EC0-301F-11D3-BF4B-00C04F79EFBC}") = "HackerNewsApi", "HackerNewsApi\HackerNewsApi.csproj", "{2929E109-35C6-48D9-A0D0-85FDD1A4BFFD}"
EndProject
Project("{FAE04EC0-301F-11D3-BF4B-00C04F79EFBC}") = "HackerNewsApi.Tests", "HackerNewsApi.Tests\HackerNewsApi.Tests.csproj", "{9A3AF557-0308-4864-B7E5-F87F6D5C427D}"
EndProject
Global
	GlobalSection(SolutionConfigurationPlatforms) = preSolution
		Debug|Any CPU = Debug|Any CPU
		Release|Any CPU = Release|Any CPU
	EndGlobalSection
	GlobalSection(ProjectConfigurationPlatforms) = postSolution
		{2929E109-35C6-48D9-A0D0-85FDD1A4BFFD}.Debug|Any CPU.ActiveCfg = Debug|Any CPU
		{2929E109-35C6-48D9-A0D0-85FDD1A4BFFD}.Debug|Any CPU.Build.0 = Debug|Any CPU
		{2929E109-35C6-48D9-A0D0-85FDD1A4BFFD}.Release|Any CPU.ActiveCfg = Release|Any CPU
		{2929E109-35C6-48D9-A0D0-85FDD1A4BFFD}.Release|Any CPU.Build.0 = Release|Any CPU
		{9A3AF557-0308-4864-B7E5-F87F6D5C427D}.Debug|Any CPU.ActiveCfg = Debug|Any CPU
		{9A3AF557-0308-4864-B7E5-F87F6D5C427D}.Debug|Any CPU.Build.0 = Debug|Any CPU
		{9A3AF557-0308-4864-B7E5-F87F6D5C427D}.Release|Any CPU.ActiveCfg = Release|Any CPU
		{9A3AF557-0308-4864-B7E5-F87F6D5C427D}.Release|Any CPU.Build.0 = Release|Any CPU
	EndGlobalSection
	GlobalSection(SolutionProperties) = preSolution
		HideSolutionNode = FALSE
	EndGlobalSection
	GlobalSection(ExtensibilityGlobals) = postSolution
		SolutionGuid = {B1E2EB97-D088-416F-979C-ED6170CEA021}
	EndGlobalSection
EndGlobal
